
Microsoft Visual Studio Solution File, Format Version 12.00
# Visual Studio Version 17
VisualStudioVersion = 17.5.33424.131
MinimumVisualStudioVersion = 10.0.40219.1
Project("{8BC9CEB8-8B4A-11D0-8D11-00A0C91BC942}") = "game theory2", "game theory2\game theory2.vcxproj", "{C2D858C1-401B-4BAE-9AA1-E5FF84C3EA95}"
EndProject
Global
	GlobalSection(SolutionConfigurationPlatforms) = preSolution
		Debug|x64 = Debug|x64
		Debug|x86 = Debug|x86
		Release|x64 = Release|x64
		Release|x86 = Release|x86
	EndGlobalSection
	GlobalSection(ProjectConfigurationPlatforms) = postSolution
		{C2D858C1-401B-4BAE-9AA1-E5FF84C3EA95}.Debug|x64.ActiveCfg = Debug|x64
		{C2D858C1-401B-4BAE-9AA1-E5FF84C3EA95}.Debug|x64.Build.0 = Debug|x64
		{C2D858C1-401B-4BAE-9AA1-E5FF84C3EA95}.Debug|x86.ActiveCfg = Debug|Win32
		{C2D858C1-401B-4BAE-9AA1-E5FF84C3EA95}.Debug|x86.Build.0 = Debug|Win32
		{C2D858C1-401B-4BAE-9AA1-E5FF84C3EA95}.Release|x64.ActiveCfg = Release|x64
		{C2D858C1-401B-4BAE-9AA1-E5FF84C3EA95}.Release|x64.Build.0 = Release|x64
		{C2D858C1-401B-4BAE-9AA1-E5FF84C3EA95}.Release|x86.ActiveCfg = Release|Win32
		{C2D858C1-401B-4BAE-9AA1-E5FF84C3EA95}.Release|x86.Build.0 = Release|Win32
	EndGlobalSection
	GlobalSection(SolutionProperties) = preSolution
		HideSolutionNode = FALSE
	EndGlobalSection
	GlobalSection(ExtensibilityGlobals) = postSolution
		SolutionGuid = {0596E963-E30F-4EBD-9BCD-37C3D4D1F2C7}
	EndGlobalSection
EndGlobal
